// !$*UTF8*$!
{
	archiveVersion = 1;
	classes = {
	};
	objectVersion = 46;
	objects = {

/* Begin PBXBuildFile section */
		BC0D75D11FAEFFD5001FDC60 /* main.cpp in Sources */ = {isa = PBXBuildFile; fileRef = BC0D75D01FAEFFD5001FDC60 /* main.cpp */; };
		BC427EC81FB39E75003D4A69 /* AudioToolbox.framework in Frameworks */ = {isa = PBXBuildFile; fileRef = BC427EC61FB39E75003D4A69 /* AudioToolbox.framework */; };
		BC427EC91FB39E75003D4A69 /* AudioUnit.framework in Frameworks */ = {isa = PBXBuildFile; fileRef = BC427EC71FB39E75003D4A69 /* AudioUnit.framework */; };
		BC427ECB1FB39E7E003D4A69 /* CoreServices.framework in Frameworks */ = {isa = PBXBuildFile; fileRef = BC427ECA1FB39E7E003D4A69 /* CoreServices.framework */; };
		BC427ECD1FB39E85003D4A69 /* Carbon.framework in Frameworks */ = {isa = PBXBuildFile; fileRef = BC427ECC1FB39E85003D4A69 /* Carbon.framework */; };
		BC427ED41FB3A1A9003D4A69 /* libportaudio.a in Frameworks */ = {isa = PBXBuildFile; fileRef = BC427ED31FB3A1A9003D4A69 /* libportaudio.a */; };
		BC427ED61FB3A3E8003D4A69 /* CoreFoundation.framework in Frameworks */ = {isa = PBXBuildFile; fileRef = BC427ED51FB3A3E8003D4A69 /* CoreFoundation.framework */; };
		BC427ED81FB3A40B003D4A69 /* CoreAudio.framework in Frameworks */ = {isa = PBXBuildFile; fileRef = BC427ED71FB3A40B003D4A69 /* CoreAudio.framework */; };
		BC427EDE1FB5D693003D4A69 /* micReader.cpp in Sources */ = {isa = PBXBuildFile; fileRef = BC427EDC1FB5D693003D4A69 /* micReader.cpp */; };
/* End PBXBuildFile section */

/* Begin PBXCopyFilesBuildPhase section */
		BC0D75CB1FAEFFD5001FDC60 /* CopyFiles */ = {
			isa = PBXCopyFilesBuildPhase;
			buildActionMask = 2147483647;
			dstPath = /usr/share/man/man1/;
			dstSubfolderSpec = 0;
			files = (
			);
			runOnlyForDeploymentPostprocessing = 1;
		};
/* End PBXCopyFilesBuildPhase section */

/* Begin PBXFileReference section */
		BC0D75CD1FAEFFD5001FDC60 /* micReader */ = {isa = PBXFileReference; explicitFileType = "compiled.mach-o.executable"; includeInIndex = 0; path = micReader; sourceTree = BUILT_PRODUCTS_DIR; };
		BC0D75D01FAEFFD5001FDC60 /* main.cpp */ = {isa = PBXFileReference; lastKnownFileType = sourcecode.cpp.cpp; path = main.cpp; sourceTree = "<group>"; };
		BC0D75D81FAF0026001FDC60 /* CoreAudioKit.framework */ = {isa = PBXFileReference; lastKnownFileType = wrapper.framework; name = CoreAudioKit.framework; path = System/Library/Frameworks/CoreAudioKit.framework; sourceTree = SDKROOT; };
		BC427EC61FB39E75003D4A69 /* AudioToolbox.framework */ = {isa = PBXFileReference; lastKnownFileType = wrapper.framework; name = AudioToolbox.framework; path = System/Library/Frameworks/AudioToolbox.framework; sourceTree = SDKROOT; };
		BC427EC71FB39E75003D4A69 /* AudioUnit.framework */ = {isa = PBXFileReference; lastKnownFileType = wrapper.framework; name = AudioUnit.framework; path = System/Library/Frameworks/AudioUnit.framework; sourceTree = SDKROOT; };
		BC427ECA1FB39E7E003D4A69 /* CoreServices.framework */ = {isa = PBXFileReference; lastKnownFileType = wrapper.framework; name = CoreServices.framework; path = System/Library/Frameworks/CoreServices.framework; sourceTree = SDKROOT; };
		BC427ECC1FB39E85003D4A69 /* Carbon.framework */ = {isa = PBXFileReference; lastKnownFileType = wrapper.framework; name = Carbon.framework; path = System/Library/Frameworks/Carbon.framework; sourceTree = SDKROOT; };
		BC427ED31FB3A1A9003D4A69 /* libportaudio.a */ = {isa = PBXFileReference; lastKnownFileType = archive.ar; path = libportaudio.a; sourceTree = "<group>"; };
		BC427ED51FB3A3E8003D4A69 /* CoreFoundation.framework */ = {isa = PBXFileReference; lastKnownFileType = wrapper.framework; name = CoreFoundation.framework; path = System/Library/Frameworks/CoreFoundation.framework; sourceTree = SDKROOT; };
		BC427ED71FB3A40B003D4A69 /* CoreAudio.framework */ = {isa = PBXFileReference; lastKnownFileType = wrapper.framework; name = CoreAudio.framework; path = System/Library/Frameworks/CoreAudio.framework; sourceTree = SDKROOT; };
		BC427ED91FB3A78C003D4A69 /* portaudio.h */ = {isa = PBXFileReference; fileEncoding = 4; lastKnownFileType = sourcecode.c.h; path = portaudio.h; sourceTree = "<group>"; };
		BC427EDC1FB5D693003D4A69 /* micReader.cpp */ = {isa = PBXFileReference; fileEncoding = 4; lastKnownFileType = sourcecode.cpp.cpp; path = micReader.cpp; sourceTree = "<group>"; };
		BC427EDD1FB5D693003D4A69 /* micReader.hpp */ = {isa = PBXFileReference; fileEncoding = 4; lastKnownFileType = sourcecode.cpp.h; path = micReader.hpp; sourceTree = "<group>"; };
/* End PBXFileReference section */

/* Begin PBXFrameworksBuildPhase section */
		BC0D75CA1FAEFFD5001FDC60 /* Frameworks */ = {
			isa = PBXFrameworksBuildPhase;
			buildActionMask = 2147483647;
			files = (
				BC427ED81FB3A40B003D4A69 /* CoreAudio.framework in Frameworks */,
				BC427ED61FB3A3E8003D4A69 /* CoreFoundation.framework in Frameworks */,
				BC427ECD1FB39E85003D4A69 /* Carbon.framework in Frameworks */,
				BC427ECB1FB39E7E003D4A69 /* CoreServices.framework in Frameworks */,
				BC427EC81FB39E75003D4A69 /* AudioToolbox.framework in Frameworks */,
				BC427ED41FB3A1A9003D4A69 /* libportaudio.a in Frameworks */,
				BC427EC91FB39E75003D4A69 /* AudioUnit.framework in Frameworks */,
			);
			runOnlyForDeploymentPostprocessing = 0;
		};
/* End PBXFrameworksBuildPhase section */

/* Begin PBXGroup section */
		BC0D75C41FAEFFD5001FDC60 = {
			isa = PBXGroup;
			children = (
				BC0D75CF1FAEFFD5001FDC60 /* micReader */,
				BC0D75CE1FAEFFD5001FDC60 /* Products */,
				BC0D75D71FAF0026001FDC60 /* Frameworks */,
			);
			sourceTree = "<group>";
		};
		BC0D75CE1FAEFFD5001FDC60 /* Products */ = {
			isa = PBXGroup;
			children = (
				BC0D75CD1FAEFFD5001FDC60 /* micReader */,
			);
			name = Products;
			sourceTree = "<group>";
		};
		BC0D75CF1FAEFFD5001FDC60 /* micReader */ = {
			isa = PBXGroup;
			children = (
				BC427EDA1FB5D611003D4A69 /* micReder */,
				BC427ED91FB3A78C003D4A69 /* portaudio.h */,
				BC0D75D01FAEFFD5001FDC60 /* main.cpp */,
			);
			path = micReader;
			sourceTree = "<group>";
		};
		BC0D75D71FAF0026001FDC60 /* Frameworks */ = {
			isa = PBXGroup;
			children = (
				BC427ED71FB3A40B003D4A69 /* CoreAudio.framework */,
				BC427ED51FB3A3E8003D4A69 /* CoreFoundation.framework */,
				BC427ED31FB3A1A9003D4A69 /* libportaudio.a */,
				BC427ECC1FB39E85003D4A69 /* Carbon.framework */,
				BC427ECA1FB39E7E003D4A69 /* CoreServices.framework */,
				BC427EC61FB39E75003D4A69 /* AudioToolbox.framework */,
				BC427EC71FB39E75003D4A69 /* AudioUnit.framework */,
				BC0D75D81FAF0026001FDC60 /* CoreAudioKit.framework */,
			);
			name = Frameworks;
			sourceTree = "<group>";
		};
		BC427EDA1FB5D611003D4A69 /* micReder */ = {
			isa = PBXGroup;
			children = (
				BC427EDC1FB5D693003D4A69 /* micReader.cpp */,
				BC427EDD1FB5D693003D4A69 /* micReader.hpp */,
			);
			name = micReder;
			sourceTree = "<group>";
		};
/* End PBXGroup section */

/* Begin PBXNativeTarget section */
		BC0D75CC1FAEFFD5001FDC60 /* micReader */ = {
			isa = PBXNativeTarget;
			buildConfigurationList = BC0D75D41FAEFFD5001FDC60 /* Build configuration list for PBXNativeTarget "micReader" */;
			buildPhases = (
				BC0D75C91FAEFFD5001FDC60 /* Sources */,
				BC0D75CA1FAEFFD5001FDC60 /* Frameworks */,
				BC0D75CB1FAEFFD5001FDC60 /* CopyFiles */,
			);
			buildRules = (
			);
			dependencies = (
			);
			name = micReader;
			productName = micReader;
			productReference = BC0D75CD1FAEFFD5001FDC60 /* micReader */;
			productType = "com.apple.product-type.tool";
		};
/* End PBXNativeTarget section */

/* Begin PBXProject section */
		BC0D75C51FAEFFD5001FDC60 /* Project object */ = {
			isa = PBXProject;
			attributes = {
				LastUpgradeCheck = 0830;
				ORGANIZATIONNAME = "Pavel Tyletsky";
				TargetAttributes = {
					BC0D75CC1FAEFFD5001FDC60 = {
						CreatedOnToolsVersion = 8.3.1;
						DevelopmentTeam = ASMKE943RN;
						ProvisioningStyle = Automatic;
					};
				};
			};
			buildConfigurationList = BC0D75C81FAEFFD5001FDC60 /* Build configuration list for PBXProject "micReader" */;
			compatibilityVersion = "Xcode 3.2";
			developmentRegion = English;
			hasScannedForEncodings = 0;
			knownRegions = (
				en,
			);
			mainGroup = BC0D75C41FAEFFD5001FDC60;
			productRefGroup = BC0D75CE1FAEFFD5001FDC60 /* Products */;
			projectDirPath = "";
			projectRoot = "";
			targets = (
				BC0D75CC1FAEFFD5001FDC60 /* micReader */,
			);
		};
/* End PBXProject section */

/* Begin PBXSourcesBuildPhase section */
		BC0D75C91FAEFFD5001FDC60 /* Sources */ = {
			isa = PBXSourcesBuildPhase;
			buildActionMask = 2147483647;
			files = (
				BC427EDE1FB5D693003D4A69 /* micReader.cpp in Sources */,
				BC0D75D11FAEFFD5001FDC60 /* main.cpp in Sources */,
			);
			runOnlyForDeploymentPostprocessing = 0;
		};
/* End PBXSourcesBuildPhase section */

/* Begin XCBuildConfiguration section */
		BC0D75D21FAEFFD5001FDC60 /* Debug */ = {
			isa = XCBuildConfiguration;
			buildSettings = {
				ALWAYS_SEARCH_USER_PATHS = NO;
				CLANG_ANALYZER_NONNULL = YES;
				CLANG_ANALYZER_NUMBER_OBJECT_CONVERSION = YES_AGGRESSIVE;
				CLANG_CXX_LANGUAGE_STANDARD = "gnu++0x";
				CLANG_CXX_LIBRARY = "libc++";
				CLANG_ENABLE_MODULES = YES;
				CLANG_ENABLE_OBJC_ARC = YES;
				CLANG_WARN_BOOL_CONVERSION = YES;
				CLANG_WARN_CONSTANT_CONVERSION = YES;
				CLANG_WARN_DIRECT_OBJC_ISA_USAGE = YES_ERROR;
				CLANG_WARN_DOCUMENTATION_COMMENTS = YES;
				CLANG_WARN_EMPTY_BODY = YES;
				CLANG_WARN_ENUM_CONVERSION = YES;
				CLANG_WARN_INFINITE_RECURSION = YES;
				CLANG_WARN_INT_CONVERSION = YES;
				CLANG_WARN_OBJC_ROOT_CLASS = YES_ERROR;
				CLANG_WARN_SUSPICIOUS_MOVE = YES;
				CLANG_WARN_UNREACHABLE_CODE = YES;
				CLANG_WARN__DUPLICATE_METHOD_MATCH = YES;
				CODE_SIGN_IDENTITY = "-";
				COPY_PHASE_STRIP = NO;
				DEBUG_INFORMATION_FORMAT = dwarf;
				ENABLE_STRICT_OBJC_MSGSEND = YES;
				ENABLE_TESTABILITY = YES;
				GCC_C_LANGUAGE_STANDARD = gnu99;
				GCC_DYNAMIC_NO_PIC = NO;
				GCC_NO_COMMON_BLOCKS = YES;
				GCC_OPTIMIZATION_LEVEL = 0;
				GCC_PREPROCESSOR_DEFINITIONS = (
					"DEBUG=1",
					"$(inherited)",
				);
				GCC_WARN_64_TO_32_BIT_CONVERSION = YES;
				GCC_WARN_ABOUT_RETURN_TYPE = YES_ERROR;
				GCC_WARN_UNDECLARED_SELECTOR = YES;
				GCC_WARN_UNINITIALIZED_AUTOS = YES_AGGRESSIVE;
				GCC_WARN_UNUSED_FUNCTION = YES;
				GCC_WARN_UNUSED_VARIABLE = YES;
				MACOSX_DEPLOYMENT_TARGET = 10.12;
				MTL_ENABLE_DEBUG_INFO = YES;
				ONLY_ACTIVE_ARCH = YES;
				SDKROOT = macosx;
			};
			name = Debug;
		};
		BC0D75D31FAEFFD5001FDC60 /* Release */ = {
			isa = XCBuildConfiguration;
			buildSettings = {
				ALWAYS_SEARCH_USER_PATHS = NO;
				CLANG_ANALYZER_NONNULL = YES;
				CLANG_ANALYZER_NUMBER_OBJECT_CONVERSION = YES_AGGRESSIVE;
				CLANG_CXX_LANGUAGE_STANDARD = "gnu++0x";
				CLANG_CXX_LIBRARY = "libc++";
				CLANG_ENABLE_MODULES = YES;
				CLANG_ENABLE_OBJC_ARC = YES;
				CLANG_WARN_BOOL_CONVERSION = YES;
				CLANG_WARN_CONSTANT_CONVERSION = YES;
				CLANG_WARN_DIRECT_OBJC_ISA_USAGE = YES_ERROR;
				CLANG_WARN_DOCUMENTATION_COMMENTS = YES;
				CLANG_WARN_EMPTY_BODY = YES;
				CLANG_WARN_ENUM_CONVERSION = YES;
				CLANG_WARN_INFINITE_RECURSION = YES;
				CLANG_WARN_INT_CONVERSION = YES;
				CLANG_WARN_OBJC_ROOT_CLASS = YES_ERROR;
				CLANG_WARN_SUSPICIOUS_MOVE = YES;
				CLANG_WARN_UNREACHABLE_CODE = YES;
				CLANG_WARN__DUPLICATE_METHOD_MATCH = YES;
				CODE_SIGN_IDENTITY = "-";
				COPY_PHASE_STRIP = NO;
				DEBUG_INFORMATION_FORMAT = "dwarf-with-dsym";
				ENABLE_NS_ASSERTIONS = NO;
				ENABLE_STRICT_OBJC_MSGSEND = YES;
				GCC_C_LANGUAGE_STANDARD = gnu99;
				GCC_NO_COMMON_BLOCKS = YES;
				GCC_WARN_64_TO_32_BIT_CONVERSION = YES;
				GCC_WARN_ABOUT_RETURN_TYPE = YES_ERROR;
				GCC_WARN_UNDECLARED_SELECTOR = YES;
				GCC_WARN_UNINITIALIZED_AUTOS = YES_AGGRESSIVE;
				GCC_WARN_UNUSED_FUNCTION = YES;
				GCC_WARN_UNUSED_VARIABLE = YES;
				MACOSX_DEPLOYMENT_TARGET = 10.12;
				MTL_ENABLE_DEBUG_INFO = NO;
				SDKROOT = macosx;
			};
			name = Release;
		};
		BC0D75D51FAEFFD5001FDC60 /* Debug */ = {
			isa = XCBuildConfiguration;
			buildSettings = {
				DEVELOPMENT_TEAM = ASMKE943RN;
				LIBRARY_SEARCH_PATHS = (
					"$(inherited)",
					"$(PROJECT_DIR)",
				);
				PRODUCT_NAME = "$(TARGET_NAME)";
			};
			name = Debug;
		};
		BC0D75D61FAEFFD5001FDC60 /* Release */ = {
			isa = XCBuildConfiguration;
			buildSettings = {
				DEVELOPMENT_TEAM = ASMKE943RN;
				LIBRARY_SEARCH_PATHS = (
					"$(inherited)",
					"$(PROJECT_DIR)",
				);
				PRODUCT_NAME = "$(TARGET_NAME)";
			};
			name = Release;
		};
/* End XCBuildConfiguration section */

/* Begin XCConfigurationList section */
		BC0D75C81FAEFFD5001FDC60 /* Build configuration list for PBXProject "micReader" */ = {
			isa = XCConfigurationList;
			buildConfigurations = (
				BC0D75D21FAEFFD5001FDC60 /* Debug */,
				BC0D75D31FAEFFD5001FDC60 /* Release */,
			);
			defaultConfigurationIsVisible = 0;
			defaultConfigurationName = Release;
		};
		BC0D75D41FAEFFD5001FDC60 /* Build configuration list for PBXNativeTarget "micReader" */ = {
			isa = XCConfigurationList;
			buildConfigurations = (
				BC0D75D51FAEFFD5001FDC60 /* Debug */,
				BC0D75D61FAEFFD5001FDC60 /* Release */,
			);
			defaultConfigurationIsVisible = 0;
			defaultConfigurationName = Release;
		};
/* End XCConfigurationList section */
	};
	rootObject = BC0D75C51FAEFFD5001FDC60 /* Project object */;
}
